# THIS IS AN AUTOGENERATED FILE. DO NOT EDIT THIS FILE DIRECTLY.
# yarn lockfile v1


"@babel/code-frame@^7.28.6", "@babel/code-frame@^7.29.0":
  version "7.29.0"
  dependencies:
    "@babel/helper-validator-identifier" "^7.28.5"
    js-tokens "^4.0.0"
    picocolors "^1.1.1"

"@babel/compat-data@^7.28.6":
  version "7.29.0"

"@babel/core@^7.0.0", "@babel/core@^7.0.0-0", "@babel/core@^7.28.5":
  version "7.29.0"
  dependencies:
    "@babel/code-frame" "^7.29.0"
    "@babel/generator" "^7.29.0"
    "@babel/helper-compilation-targets" "^7.28.6"
    "@babel/helper-module-transforms" "^7.28.6"
    "@babel/helpers" "^7.28.6"
    "@babel/parser" "^7.29.0"
    "@babel/template" "^7.28.6"
    "@babel/traverse" "^7.29.0"
    "@babel/types" "^7.29.0"
    "@jridgewell/remapping" "^2.3.5"
    convert-source-map "^2.0.0"
    debug "^4.1.0"
    gensync "^1.0.0-beta.2"
    json5 "^2.2.3"
    semver "^6.3.1"

"@babel/generator@^7.29.0":
  version "7.29.1"
  dependencies:
    "@babel/parser" "^7.29.0"
    "@babel/types" "^7.29.0"
    "@jridgewell/gen-mapping" "^0.3.12"
    "@jridgewell/trace-mapping" "^0.3.28"
    jsesc "^3.0.2"

"@babel/helper-compilation-targets@^7.28.6":
  version "7.28.6"
  dependencies:
    "@babel/compat-data" "^7.28.6"
    "@babel/helper-validator-option" "^7.27.1"
    browserslist "^4.24.0"
    lru-cache "^5.1.1"
    semver "^6.3.1"

"@babel/helper-globals@^7.28.0":
  version "7.28.0"

"@babel/helper-module-imports@^7.28.6":
  version "7.28.6"
  dependencies:
    "@babel/traverse" "^7.28.6"
    "@babel/types" "^7.28.6"

"@babel/helper-module-transforms@^7.28.6":
  version "7.28.6"
  dependencies:
    "@babel/helper-module-imports" "^7.28.6"
    "@babel/helper-validator-identifier" "^7.28.5"
    "@babel/traverse" "^7.28.6"

"@babel/helper-plugin-utils@^7.27.1":
  version "7.28.6"

"@babel/helper-string-parser@^7.27.1":
  version "7.27.1"

"@babel/helper-validator-identifier@^7.28.5":
  version "7.28.5"

"@babel/helper-validator-option@^7.27.1":
  version "7.27.1"

"@babel/helpers@^7.28.6":
  version "7.28.6"
  dependencies:
    "@babel/template" "^7.28.6"
    "@babel/types" "^7.28.6"

"@babel/parser@^7.1.0", "@babel/parser@^7.20.7", "@babel/parser@^7.28.6", "@babel/parser@^7.29.0":
  version "7.29.0"
  dependencies:
    "@babel/types" "^7.29.0"

"@babel/plugin-transform-react-jsx-self@^7.27.1":
  version "7.27.1"
  dependencies:
    "@babel/helper-plugin-utils" "^7.27.1"

"@babel/plugin-transform-react-jsx-source@^7.27.1":
  version "7.27.1"
  dependencies:
    "@babel/helper-plugin-utils" "^7.27.1"

"@babel/runtime@^7.20.13":
  version "7.28.6"

"@babel/template@^7.28.6":
  version "7.28.6"
  dependencies:
    "@babel/code-frame" "^7.28.6"
    "@babel/parser" "^7.28.6"
    "@babel/types" "^7.28.6"

"@babel/traverse@^7.28.6", "@babel/traverse@^7.29.0":
  version "7.29.0"
  dependencies:
    "@babel/code-frame" "^7.29.0"
    "@babel/generator" "^7.29.0"
    "@babel/helper-globals" "^7.28.0"
    "@babel/parser" "^7.29.0"
    "@babel/template" "^7.28.6"
    "@babel/types" "^7.29.0"
    debug "^4.3.1"

"@babel/types@^7.0.0", "@babel/types@^7.20.7", "@babel/types@^7.28.2", "@babel/types@^7.28.6", "@babel/types@^7.29.0":
  version "7.29.0"
  dependencies:
    "@babel/helper-string-parser" "^7.27.1"
    "@babel/helper-validator-identifier" "^7.28.5"

"@bufbuild/protobuf@^2.5.0":
  version "2.11.0"

"@esbuild/win32-x64@0.27.3":
  version "0.27.3"

"@floating-ui/core@^1.7.4":
  version "1.7.4"
  dependencies:
    "@floating-ui/utils" "^0.2.10"

"@floating-ui/dom@^1.7.5":
  version "1.7.5"
  dependencies:
    "@floating-ui/core" "^1.7.4"
    "@floating-ui/utils" "^0.2.10"

"@floating-ui/react-dom@^2.1.7":
  version "2.1.7"
  dependencies:
    "@floating-ui/dom" "^1.7.5"

"@floating-ui/react@^0.27.16":
  version "0.27.17"
  dependencies:
    "@floating-ui/react-dom" "^2.1.7"
    "@floating-ui/utils" "^0.2.10"
    tabbable "^6.0.0"

"@floating-ui/utils@^0.2.10":
  version "0.2.10"

"@isaacs/balanced-match@^4.0.1":
  version "4.0.1"

"@isaacs/brace-expansion@^5.0.1":
  version "5.0.1"
  dependencies:
    "@isaacs/balanced-match" "^4.0.1"

"@jridgewell/gen-mapping@^0.3.12", "@jridgewell/gen-mapping@^0.3.5":
  version "0.3.13"
  dependencies:
    "@jridgewell/sourcemap-codec" "^1.5.0"
    "@jridgewell/trace-mapping" "^0.3.24"

"@jridgewell/remapping@^2.3.5":
  version "2.3.5"
  dependencies:
    "@jridgewell/gen-mapping" "^0.3.5"
    "@jridgewell/trace-mapping" "^0.3.24"

"@jridgewell/resolve-uri@^3.1.0":
  version "3.1.2"

"@jridgewell/sourcemap-codec@^1.4.14", "@jridgewell/sourcemap-codec@^1.5.0":
  version "1.5.5"

"@jridgewell/trace-mapping@^0.3.24", "@jridgewell/trace-mapping@^0.3.28":
  version "0.3.31"
  dependencies:
    "@jridgewell/resolve-uri" "^3.1.0"
    "@jridgewell/sourcemap-codec" "^1.4.14"

"@mantine/core@>=8.3", "@mantine/core@8.3.13":
  version "8.3.13"
  dependencies:
    "@floating-ui/react" "^0.27.16"
    clsx "^2.1.1"
    react-number-format "^5.4.4"
    react-remove-scroll "^2.7.1"
    react-textarea-autosize "8.5.9"
    type-fest "^4.41.0"

"@mantine/hooks@>=8.3", "@mantine/hooks@8.3.13":
  version "8.3.13"

"@parcel/watcher-win32-x64@2.5.6":
  version "2.5.6"

"@parcel/watcher@^2.4.1":
  version "2.5.6"
  dependencies:
    detect-libc "^2.0.3"
    is-glob "^4.0.3"
    node-addon-api "^7.0.0"
    picomatch "^4.0.3"
  optionalDependencies:
    "@parcel/watcher-android-arm64" "2.5.6"
    "@parcel/watcher-darwin-arm64" "2.5.6"
    "@parcel/watcher-darwin-x64" "2.5.6"
    "@parcel/watcher-freebsd-x64" "2.5.6"
    "@parcel/watcher-linux-arm-glibc" "2.5.6"
    "@parcel/watcher-linux-arm-musl" "2.5.6"
    "@parcel/watcher-linux-arm64-glibc" "2.5.6"
    "@parcel/watcher-linux-arm64-musl" "2.5.6"
    "@parcel/watcher-linux-x64-glibc" "2.5.6"
    "@parcel/watcher-linux-x64-musl" "2.5.6"
    "@parcel/watcher-win32-arm64" "2.5.6"
    "@parcel/watcher-win32-ia32" "2.5.6"
    "@parcel/watcher-win32-x64" "2.5.6"

"@rolldown/pluginutils@1.0.0-beta.53":
  version "1.0.0-beta.53"

"@rollup/rollup-win32-x64-gnu@4.57.1":
  version "4.57.1"

"@rollup/rollup-win32-x64-msvc@4.57.1":
  version "4.57.1"

"@tabler/icons-react@^3.36.1":
  version "3.36.1"
  resolved "https://registry.npmjs.org/@tabler/icons-react/-/icons-react-3.36.1.tgz"
  integrity sha512-/8nOXeNeMoze9xY/QyEKG65wuvRhkT3q9aytaur6Gj8bYU2A98YVJyLc9MRmc5nVvpy+bRlrrwK/Ykr8WGyUWg==
  dependencies:
    "@tabler/icons" ""

"@tabler/icons@":
  version "3.36.1"
  resolved "https://registry.npmjs.org/@tabler/icons/-/icons-3.36.1.tgz"
  integrity sha512-f4Jg3Fof/Vru5ioix/UO4GX+sdDsF9wQo47FbtvG+utIYYVQ/QVAC0QYgcBbAjQGfbdOh2CCf0BgiFOF9Ixtjw==

"@types/babel__core@^7.20.5":
  version "7.20.5"
  dependencies:
    "@babel/parser" "^7.20.7"
    "@babel/types" "^7.20.7"
    "@types/babel__generator" "*"
    "@types/babel__template" "*"
    "@types/babel__traverse" "*"

"@types/babel__generator@*":
  version "7.27.0"
  dependencies:
    "@babel/types" "^7.0.0"

"@types/babel__template@*":
  version "7.4.4"
  dependencies:
    "@babel/parser" "^7.1.0"
    "@babel/types" "^7.0.0"

"@types/babel__traverse@*":
  version "7.28.0"
  dependencies:
    "@babel/types" "^7.28.2"

"@types/estree@1.0.8":
  version "1.0.8"

"@types/node@^20.19.0 || >=22.12.0", "@types/node@25.0.10":
  version "25.0.10"
  dependencies:
    undici-types "~7.16.0"

"@types/react-dom@19.2.3":
  version "19.2.3"

"@types/react@*", "@types/react@^19.2.0", "@types/react@19.2.9":
  version "19.2.9"
  dependencies:
    csstype "^3.2.2"

"@vitejs/plugin-react@5.1.2":
  version "5.1.2"
  dependencies:
    "@babel/core" "^7.28.5"
    "@babel/plugin-transform-react-jsx-self" "^7.27.1"
    "@babel/plugin-transform-react-jsx-source" "^7.27.1"
    "@rolldown/pluginutils" "1.0.0-beta.53"
    "@types/babel__core" "^7.20.5"
    react-refresh "^0.18.0"

async-function@^1.0.0:
  version "1.0.0"

async-generator-function@^1.0.0:
  version "1.0.0"

baseline-browser-mapping@^2.9.0:
  version "2.9.19"

browserslist@^4.24.0, "browserslist@>= 4.21.0":
  version "4.28.1"
  dependencies:
    baseline-browser-mapping "^2.9.0"
    caniuse-lite "^1.0.30001759"
    electron-to-chromium "^1.5.263"
    node-releases "^2.0.27"
    update-browserslist-db "^1.2.0"

call-bind-apply-helpers@^1.0.1, call-bind-apply-helpers@^1.0.2:
  version "1.0.2"
  dependencies:
    es-errors "^1.3.0"
    function-bind "^1.1.2"

call-bound@^1.0.2:
  version "1.0.4"
  dependencies:
    call-bind-apply-helpers "^1.0.2"
    get-intrinsic "^1.3.0"

caniuse-lite@^1.0.30001759:
  version "1.0.30001769"

chokidar@^4.0.0:
  version "4.0.3"
  dependencies:
    readdirp "^4.0.1"

clsx@^2.1.1, clsx@>=2:
  version "2.1.1"

colorjs.io@^0.5.0:
  version "0.5.2"

convert-source-map@^2.0.0:
  version "2.0.0"

cookie@^1.0.1:
  version "1.1.1"

csstype@^3.2.2:
  version "3.2.3"

debug@^4.1.0, debug@^4.1.1, debug@^4.3.1:
  version "4.4.3"
  dependencies:
    ms "^2.1.3"

detect-libc@^2.0.3:
  version "2.1.2"

detect-node-es@^1.1.0:
  version "1.1.0"

dunder-proto@^1.0.1:
  version "1.0.1"
  dependencies:
    call-bind-apply-helpers "^1.0.1"
    es-errors "^1.3.0"
    gopd "^1.2.0"

electron-to-chromium@^1.5.263:
  version "1.5.286"

es-define-property@^1.0.1:
  version "1.0.1"

es-errors@^1.3.0:
  version "1.3.0"

es-object-atoms@^1.0.0, es-object-atoms@^1.1.1:
  version "1.1.1"
  dependencies:
    es-errors "^1.3.0"

esbuild@^0.27.0:
  version "0.27.3"
  optionalDependencies:
    "@esbuild/aix-ppc64" "0.27.3"
    "@esbuild/android-arm" "0.27.3"
    "@esbuild/android-arm64" "0.27.3"
    "@esbuild/android-x64" "0.27.3"
    "@esbuild/darwin-arm64" "0.27.3"
    "@esbuild/darwin-x64" "0.27.3"
    "@esbuild/freebsd-arm64" "0.27.3"
    "@esbuild/freebsd-x64" "0.27.3"
    "@esbuild/linux-arm" "0.27.3"
    "@esbuild/linux-arm64" "0.27.3"
    "@esbuild/linux-ia32" "0.27.3"
    "@esbuild/linux-loong64" "0.27.3"
    "@esbuild/linux-mips64el" "0.27.3"
    "@esbuild/linux-ppc64" "0.27.3"
    "@esbuild/linux-riscv64" "0.27.3"
    "@esbuild/linux-s390x" "0.27.3"
    "@esbuild/linux-x64" "0.27.3"
    "@esbuild/netbsd-arm64" "0.27.3"
    "@esbuild/netbsd-x64" "0.27.3"
    "@esbuild/openbsd-arm64" "0.27.3"
    "@esbuild/openbsd-x64" "0.27.3"
    "@esbuild/openharmony-arm64" "0.27.3"
    "@esbuild/sunos-x64" "0.27.3"
    "@esbuild/win32-arm64" "0.27.3"
    "@esbuild/win32-ia32" "0.27.3"
    "@esbuild/win32-x64" "0.27.3"

escalade@^3.2.0:
  version "3.2.0"

fdir@^6.5.0:
  version "6.5.0"

fs@0.0.1-security:
  version "0.0.1-security"

function-bind@^1.1.2:
  version "1.1.2"

generator-function@^2.0.0:
  version "2.0.1"

gensync@^1.0.0-beta.2:
  version "1.0.0-beta.2"

get-intrinsic@^1.2.5, get-intrinsic@^1.3.0:
  version "1.3.1"
  dependencies:
    async-function "^1.0.0"
    async-generator-function "^1.0.0"
    call-bind-apply-helpers "^1.0.2"
    es-define-property "^1.0.1"
    es-errors "^1.3.0"
    es-object-atoms "^1.1.1"
    function-bind "^1.1.2"
    generator-function "^2.0.0"
    get-proto "^1.0.1"
    gopd "^1.2.0"
    has-symbols "^1.1.0"
    hasown "^2.0.2"
    math-intrinsics "^1.1.0"

get-nonce@^1.0.0:
  version "1.0.1"

get-proto@^1.0.1:
  version "1.0.1"
  dependencies:
    dunder-proto "^1.0.1"
    es-object-atoms "^1.0.0"

glob@^13.0.0:
  version "13.0.1"
  dependencies:
    minimatch "^10.1.2"
    minipass "^7.1.2"
    path-scurry "^2.0.0"

globrex@^0.1.2:
  version "0.1.2"

gopd@^1.2.0:
  version "1.2.0"

has-flag@^4.0.0:
  version "4.0.0"

has-symbols@^1.1.0:
  version "1.1.0"

hasown@^2.0.2:
  version "2.0.2"
  dependencies:
    function-bind "^1.1.2"

immutable@^5.0.2:
  version "5.1.4"

inherits@2.0.3:
  version "2.0.3"

is-extglob@^2.1.1:
  version "2.1.1"

is-glob@^4.0.3:
  version "4.0.3"
  dependencies:
    is-extglob "^2.1.1"

js-tokens@^4.0.0:
  version "4.0.0"

jsesc@^3.0.2:
  version "3.1.0"

json5@^2.2.3:
  version "2.2.3"

ky@^1.14.3:
  version "1.14.3"

lru-cache@^11.0.0:
  version "11.2.5"

lru-cache@^5.1.1:
  version "5.1.1"
  dependencies:
    yallist "^3.0.2"

mantine-datatable@^8.3.13:
  version "8.3.13"
  resolved "https://registry.npmjs.org/mantine-datatable/-/mantine-datatable-8.3.13.tgz"
  integrity sha512-MQ7FNSyKCPeijiWHSeVmFU38m7MgHkomOm/VXm1XFpCAjVxdK8ZCVHGA2e5GK/dIkPX9Sdiwt812YDOhchPiHQ==

math-intrinsics@^1.1.0:
  version "1.1.0"

minimatch@^10.1.2:
  version "10.1.2"
  dependencies:
    "@isaacs/brace-expansion" "^5.0.1"

minipass@^7.1.2:
  version "7.1.2"

ms@^2.1.3:
  version "2.1.3"

nanoid@^3.3.11:
  version "3.3.11"

node-addon-api@^7.0.0:
  version "7.1.1"

node-releases@^2.0.27:
  version "2.0.27"

object-inspect@^1.13.3:
  version "1.13.4"

package-json-from-dist@^1.0.1:
  version "1.0.1"

path-scurry@^2.0.0:
  version "2.0.1"
  dependencies:
    lru-cache "^11.0.0"
    minipass "^7.1.2"

path@0.12.7:
  version "0.12.7"
  dependencies:
    process "^0.11.1"
    util "^0.10.3"

picocolors@^1.1.1:
  version "1.1.1"

"picomatch@^3 || ^4", picomatch@^4.0.3:
  version "4.0.3"

postcss@^8.5.6:
  version "8.5.6"
  resolved "https://registry.npmjs.org/postcss/-/postcss-8.5.6.tgz"
  integrity sha512-3Ybi1tAuwAP9s0r1UQ2J4n5Y0G05bJkpUIO0/bI9MhwmD70S5aTWbXGBwxHrelT+XM1k6dM0pk+SwNkpTRN7Pg==
  dependencies:
    nanoid "^3.3.11"
    picocolors "^1.1.1"
    source-map-js "^1.2.1"

process@^0.11.1:
  version "0.11.10"

punycode@^1.4.1:
  version "1.4.1"

qs@^6.12.3:
  version "6.14.1"
  dependencies:
    side-channel "^1.1.0"

"react-dom@^0.14 || ^15.0.0 || ^16.0.0 || ^17.0.0 || ^18.0.0 || ^19.0.0", "react-dom@^18.x || ^19.x", react-dom@>=16.8.0, react-dom@>=17.0.0, react-dom@>=18, react-dom@>=19, react-dom@19.2.3:
  version "19.2.3"
  dependencies:
    scheduler "^0.27.0"

react-number-format@^5.4.4:
  version "5.4.4"

react-refresh@^0.18.0:
  version "0.18.0"

react-remove-scroll-bar@^2.3.7:
  version "2.3.8"
  dependencies:
    react-style-singleton "^2.2.2"
    tslib "^2.0.0"

react-remove-scroll@^2.7.1:
  version "2.7.2"
  dependencies:
    react-remove-scroll-bar "^2.3.7"
    react-style-singleton "^2.2.3"
    tslib "^2.1.0"
    use-callback-ref "^1.3.3"
    use-sidecar "^1.1.3"

react-router-dom@^7.13.0:
  version "7.13.0"
  dependencies:
    react-router "7.13.0"

react-router@7.13.0:
  version "7.13.0"
  dependencies:
    cookie "^1.0.1"
    set-cookie-parser "^2.6.0"

react-style-singleton@^2.2.2, react-style-singleton@^2.2.3:
  version "2.2.3"
  dependencies:
    get-nonce "^1.0.0"
    tslib "^2.0.0"

react-textarea-autosize@8.5.9:
  version "8.5.9"
  dependencies:
    "@babel/runtime" "^7.20.13"
    use-composed-ref "^1.3.0"
    use-latest "^1.2.1"

"react@^0.14 || ^15.0.0 || ^16.0.0 || ^17.0.0 || ^18.0.0 || ^19.0.0", "react@^16.8.0 || ^17.0.0 || ^18.0.0 || ^19.0.0", "react@^16.8.0 || ^17.0.0 || ^18.0.0 || ^19.0.0 || ^19.0.0-rc", "react@^18.x || ^19.x", react@^19.2.3, "react@>= 16", react@>=16.8.0, react@>=17.0.0, react@>=18, react@>=19, react@19.2.3:
  version "19.2.3"

readdirp@^4.0.1:
  version "4.1.2"

rimraf@6.1.2:
  version "6.1.2"
  dependencies:
    glob "^13.0.0"
    package-json-from-dist "^1.0.1"

rollup@^4.43.0:
  version "4.57.1"
  dependencies:
    "@types/estree" "1.0.8"
  optionalDependencies:
    "@rollup/rollup-android-arm-eabi" "4.57.1"
    "@rollup/rollup-android-arm64" "4.57.1"
    "@rollup/rollup-darwin-arm64" "4.57.1"
    "@rollup/rollup-darwin-x64" "4.57.1"
    "@rollup/rollup-freebsd-arm64" "4.57.1"
    "@rollup/rollup-freebsd-x64" "4.57.1"
    "@rollup/rollup-linux-arm-gnueabihf" "4.57.1"
    "@rollup/rollup-linux-arm-musleabihf" "4.57.1"
    "@rollup/rollup-linux-arm64-gnu" "4.57.1"
    "@rollup/rollup-linux-arm64-musl" "4.57.1"
    "@rollup/rollup-linux-loong64-gnu" "4.57.1"
    "@rollup/rollup-linux-loong64-musl" "4.57.1"
    "@rollup/rollup-linux-ppc64-gnu" "4.57.1"
    "@rollup/rollup-linux-ppc64-musl" "4.57.1"
    "@rollup/rollup-linux-riscv64-gnu" "4.57.1"
    "@rollup/rollup-linux-riscv64-musl" "4.57.1"
    "@rollup/rollup-linux-s390x-gnu" "4.57.1"
    "@rollup/rollup-linux-x64-gnu" "4.57.1"
    "@rollup/rollup-linux-x64-musl" "4.57.1"
    "@rollup/rollup-openbsd-x64" "4.57.1"
    "@rollup/rollup-openharmony-arm64" "4.57.1"
    "@rollup/rollup-win32-arm64-msvc" "4.57.1"
    "@rollup/rollup-win32-ia32-msvc" "4.57.1"
    "@rollup/rollup-win32-x64-gnu" "4.57.1"
    "@rollup/rollup-win32-x64-msvc" "4.57.1"
    fsevents "~2.3.2"

rxjs@^7.4.0:
  version "7.8.2"
  dependencies:
    tslib "^2.1.0"

sass-embedded-win32-x64@1.97.3:
  version "1.97.3"

sass-embedded@^1.70.0, sass-embedded@1.97.3:
  version "1.97.3"
  dependencies:
    "@bufbuild/protobuf" "^2.5.0"
    colorjs.io "^0.5.0"
    immutable "^5.0.2"
    rxjs "^7.4.0"
    supports-color "^8.1.1"
    sync-child-process "^1.0.2"
    varint "^6.0.0"
  optionalDependencies:
    sass-embedded-all-unknown "1.97.3"
    sass-embedded-android-arm "1.97.3"
    sass-embedded-android-arm64 "1.97.3"
    sass-embedded-android-riscv64 "1.97.3"
    sass-embedded-android-x64 "1.97.3"
    sass-embedded-darwin-arm64 "1.97.3"
    sass-embedded-darwin-x64 "1.97.3"
    sass-embedded-linux-arm "1.97.3"
    sass-embedded-linux-arm64 "1.97.3"
    sass-embedded-linux-musl-arm "1.97.3"
    sass-embedded-linux-musl-arm64 "1.97.3"
    sass-embedded-linux-musl-riscv64 "1.97.3"
    sass-embedded-linux-musl-x64 "1.97.3"
    sass-embedded-linux-riscv64 "1.97.3"
    sass-embedded-linux-x64 "1.97.3"
    sass-embedded-unknown-all "1.97.3"
    sass-embedded-win32-arm64 "1.97.3"
    sass-embedded-win32-x64 "1.97.3"

sass@^1.70.0:
  version "1.97.3"
  dependencies:
    chokidar "^4.0.0"
    immutable "^5.0.2"
    source-map-js ">=0.6.2 <2.0.0"
  optionalDependencies:
    "@parcel/watcher" "^2.4.1"

scheduler@^0.27.0:
  version "0.27.0"

semver@^6.3.1:
  version "6.3.1"

set-cookie-parser@^2.6.0:
  version "2.7.2"

side-channel-list@^1.0.0:
  version "1.0.0"
  dependencies:
    es-errors "^1.3.0"
    object-inspect "^1.13.3"

side-channel-map@^1.0.1:
  version "1.0.1"
  dependencies:
    call-bound "^1.0.2"
    es-errors "^1.3.0"
    get-intrinsic "^1.2.5"
    object-inspect "^1.13.3"

side-channel-weakmap@^1.0.2:
  version "1.0.2"
  dependencies:
    call-bound "^1.0.2"
    es-errors "^1.3.0"
    get-intrinsic "^1.2.5"
    object-inspect "^1.13.3"
    side-channel-map "^1.0.1"

side-channel@^1.1.0:
  version "1.1.0"
  dependencies:
    es-errors "^1.3.0"
    object-inspect "^1.13.3"
    side-channel-list "^1.0.0"
    side-channel-map "^1.0.1"
    side-channel-weakmap "^1.0.2"

source-map-js@^1.2.1, "source-map-js@>=0.6.2 <2.0.0":
  version "1.2.1"

supports-color@^8.1.1:
  version "8.1.1"
  dependencies:
    has-flag "^4.0.0"

sync-child-process@^1.0.2:
  version "1.0.2"
  dependencies:
    sync-message-port "^1.0.0"

sync-message-port@^1.0.0:
  version "1.2.0"

tabbable@^6.0.0:
  version "6.4.0"

tinyglobby@^0.2.15:
  version "0.2.15"
  dependencies:
    fdir "^6.5.0"
    picomatch "^4.0.3"

tsconfck@^3.0.3:
  version "3.1.6"

tslib@^2.0.0, tslib@^2.1.0:
  version "2.8.1"

type-fest@^4.41.0:
  version "4.41.0"

typescript@^5.0.0, typescript@5.9.3:
  version "5.9.3"

undici-types@~7.16.0:
  version "7.16.0"

update-browserslist-db@^1.2.0:
  version "1.2.3"
  dependencies:
    escalade "^3.2.0"
    picocolors "^1.1.1"

url@0.11.4:
  version "0.11.4"
  dependencies:
    punycode "^1.4.1"
    qs "^6.12.3"

use-callback-ref@^1.3.3:
  version "1.3.3"
  dependencies:
    tslib "^2.0.0"

use-composed-ref@^1.3.0:
  version "1.4.0"

use-isomorphic-layout-effect@^1.1.1:
  version "1.2.1"

use-latest@^1.2.1:
  version "1.3.0"
  dependencies:
    use-isomorphic-layout-effect "^1.1.1"

use-sidecar@^1.1.3:
  version "1.1.3"
  dependencies:
    detect-node-es "^1.1.0"
    tslib "^2.0.0"

util@^0.10.3:
  version "0.10.4"
  dependencies:
    inherits "2.0.3"

varint@^6.0.0:
  version "6.0.0"

vite-tsconfig-paths@6.0.5:
  version "6.0.5"
  dependencies:
    debug "^4.1.1"
    globrex "^0.1.2"
    tsconfck "^3.0.3"

vite@*, "vite@^4.2.0 || ^5.0.0 || ^6.0.0 || ^7.0.0", vite@7.3.1:
  version "7.3.1"
  dependencies:
    esbuild "^0.27.0"
    fdir "^6.5.0"
    picomatch "^4.0.3"
    postcss "^8.5.6"
    rollup "^4.43.0"
    tinyglobby "^0.2.15"
  optionalDependencies:
    fsevents "~2.3.3"

yallist@^3.0.2:
  version "3.1.1"
